
Microsoft Visual Studio Solution File, Format Version 12.00
# Visual Studio Version 16
VisualStudioVersion = 16.0.30011.22
MinimumVisualStudioVersion = 10.0.40219.1
Project("{FAE04EC0-301F-11D3-BF4B-00C04F79EFBC}") = "Erc1", "Erc1\Erc1.csproj", "{901FBE53-5ECE-4F7D-9EFE-BE26BB014149}"
EndProject
Project("{2150E333-8FDC-42A3-9474-1A3956D46DE8}") = "Solution Items", "Solution Items", "{D603D796-7A48-48FB-8D43-C982327AEDC5}"
	ProjectSection(SolutionItems) = preProject
		.editorconfig = .editorconfig
	EndProjectSection
EndProject
Project("{FAE04EC0-301F-11D3-BF4B-00C04F79EFBC}") = "ERCServerSide", "ERCServerSide\ERCServerSide.csproj", "{1B1BFE22-4E5D-437F-976C-15887ACC8515}"
EndProject
Project("{FAE04EC0-301F-11D3-BF4B-00C04F79EFBC}") = "ERCClientSide", "ERCClientSide\ERCClientSide.csproj", "{38877F30-E2A6-46CA-A1AF-53A025D93D37}"
EndProject
Global
	GlobalSection(SolutionConfigurationPlatforms) = preSolution
		Debug|Any CPU = Debug|Any CPU
		Release|Any CPU = Release|Any CPU
	EndGlobalSection
	GlobalSection(ProjectConfigurationPlatforms) = postSolution
		{901FBE53-5ECE-4F7D-9EFE-BE26BB014149}.Debug|Any CPU.ActiveCfg = Debug|Any CPU
		{901FBE53-5ECE-4F7D-9EFE-BE26BB014149}.Debug|Any CPU.Build.0 = Debug|Any CPU
		{901FBE53-5ECE-4F7D-9EFE-BE26BB014149}.Release|Any CPU.ActiveCfg = Release|Any CPU
		{901FBE53-5ECE-4F7D-9EFE-BE26BB014149}.Release|Any CPU.Build.0 = Release|Any CPU
		{1B1BFE22-4E5D-437F-976C-15887ACC8515}.Debug|Any CPU.ActiveCfg = Debug|Any CPU
		{1B1BFE22-4E5D-437F-976C-15887ACC8515}.Debug|Any CPU.Build.0 = Debug|Any CPU
		{1B1BFE22-4E5D-437F-976C-15887ACC8515}.Release|Any CPU.ActiveCfg = Release|Any CPU
		{1B1BFE22-4E5D-437F-976C-15887ACC8515}.Release|Any CPU.Build.0 = Release|Any CPU
		{38877F30-E2A6-46CA-A1AF-53A025D93D37}.Debug|Any CPU.ActiveCfg = Debug|Any CPU
		{38877F30-E2A6-46CA-A1AF-53A025D93D37}.Debug|Any CPU.Build.0 = Debug|Any CPU
		{38877F30-E2A6-46CA-A1AF-53A025D93D37}.Release|Any CPU.ActiveCfg = Release|Any CPU
		{38877F30-E2A6-46CA-A1AF-53A025D93D37}.Release|Any CPU.Build.0 = Release|Any CPU
	EndGlobalSection
	GlobalSection(SolutionProperties) = preSolution
		HideSolutionNode = FALSE
	EndGlobalSection
	GlobalSection(ExtensibilityGlobals) = postSolution
		SolutionGuid = {02E24A74-A541-4781-9A39-3E2DDEDC290B}
	EndGlobalSection
EndGlobal
